// !$*UTF8*$!
{
	archiveVersion = 1;
	classes = {
	};
	objectVersion = 56;
	objects = {

/* Begin PBXBuildFile section */
		DCDF74052A049DC40010282C /* AppDelegate.swift in Sources */ = {isa = PBXBuildFile; fileRef = DCDF74042A049DC40010282C /* AppDelegate.swift */; };
		DCDF74072A049DC40010282C /* SceneDelegate.swift in Sources */ = {isa = PBXBuildFile; fileRef = DCDF74062A049DC40010282C /* SceneDelegate.swift */; };
		DCDF740A2A049DC40010282C /* LaunchScreen.storyboard in Resources */ = {isa = PBXBuildFile; fileRef = DCDF74082A049DC40010282C /* LaunchScreen.storyboard */; };
		DCDF740D2A049DC40010282C /* Main.storyboard in Resources */ = {isa = PBXBuildFile; fileRef = DCDF740B2A049DC40010282C /* Main.storyboard */; };
		DCDF74162A049DC40010282C /* AppDelegate.swift in Sources */ = {isa = PBXBuildFile; fileRef = DCDF74152A049DC40010282C /* AppDelegate.swift */; };
		DCDF74192A049DC40010282C /* Main.storyboard in Resources */ = {isa = PBXBuildFile; fileRef = DCDF74172A049DC40010282C /* Main.storyboard */; };
		DCDF74212A049DC40010282C /* 'Improve YouTube!' 🎧 (for YouTube & Videos) Extension.appex in Embed Foundation Extensions */ = {isa = PBXBuildFile; fileRef = DCDF74202A049DC40010282C /* 'Improve YouTube!' 🎧 (for YouTube & Videos) Extension.appex */; settings = {ATTRIBUTES = (RemoveHeadersOnCopy, ); }; };
		DCDF742B2A049DC40010282C /* 'Improve YouTube!' 🎧 (for YouTube & Videos) Extension.appex in Embed Foundation Extensions */ = {isa = PBXBuildFile; fileRef = DCDF742A2A049DC40010282C /* 'Improve YouTube!' 🎧 (for YouTube & Videos) Extension.appex */; settings = {ATTRIBUTES = (RemoveHeadersOnCopy, ); }; };
		DCDF74312A049DC40010282C /* Main.html in Resources */ = {isa = PBXBuildFile; fileRef = DCDF73F42A049DC20010282C /* Main.html */; };
		DCDF74322A049DC40010282C /* Main.html in Resources */ = {isa = PBXBuildFile; fileRef = DCDF73F42A049DC20010282C /* Main.html */; };
		DCDF74332A049DC40010282C /* Icon.png in Resources */ = {isa = PBXBuildFile; fileRef = DCDF73F62A049DC20010282C /* Icon.png */; };
		DCDF74342A049DC40010282C /* Icon.png in Resources */ = {isa = PBXBuildFile; fileRef = DCDF73F62A049DC20010282C /* Icon.png */; };
		DCDF74352A049DC40010282C /* Style.css in Resources */ = {isa = PBXBuildFile; fileRef = DCDF73F72A049DC20010282C /* Style.css */; };
		DCDF74362A049DC40010282C /* Style.css in Resources */ = {isa = PBXBuildFile; fileRef = DCDF73F72A049DC20010282C /* Style.css */; };
		DCDF74372A049DC40010282C /* Script.js in Resources */ = {isa = PBXBuildFile; fileRef = DCDF73F82A049DC20010282C /* Script.js */; };
		DCDF74382A049DC40010282C /* Script.js in Resources */ = {isa = PBXBuildFile; fileRef = DCDF73F82A049DC20010282C /* Script.js */; };
		DCDF74392A049DC40010282C /* ViewController.swift in Sources */ = {isa = PBXBuildFile; fileRef = DCDF73F92A049DC20010282C /* ViewController.swift */; };
		DCDF743A2A049DC40010282C /* ViewController.swift in Sources */ = {isa = PBXBuildFile; fileRef = DCDF73F92A049DC20010282C /* ViewController.swift */; };
		DCDF743B2A049DC40010282C /* Assets.xcassets in Resources */ = {isa = PBXBuildFile; fileRef = DCDF73FA2A049DC40010282C /* Assets.xcassets */; };
		DCDF743C2A049DC40010282C /* Assets.xcassets in Resources */ = {isa = PBXBuildFile; fileRef = DCDF73FA2A049DC40010282C /* Assets.xcassets */; };
		DCDF743D2A049DC40010282C /* SafariWebExtensionHandler.swift in Sources */ = {isa = PBXBuildFile; fileRef = DCDF73FC2A049DC40010282C /* SafariWebExtensionHandler.swift */; };
		DCDF743E2A049DC40010282C /* SafariWebExtensionHandler.swift in Sources */ = {isa = PBXBuildFile; fileRef = DCDF73FC2A049DC40010282C /* SafariWebExtensionHandler.swift */; };
		DCDF745B2A049DC40010282C /* py in Resources */ = {isa = PBXBuildFile; fileRef = DCDF74502A049DC40010282C /* py */; };
		DCDF745C2A049DC40010282C /* LICENSE in Resources */ = {isa = PBXBuildFile; fileRef = DCDF74512A049DC40010282C /* LICENSE */; };
		DCDF745D2A049DC40010282C /* background.js in Resources */ = {isa = PBXBuildFile; fileRef = DCDF74522A049DC40010282C /* background.js */; };
		DCDF745E2A049DC40010282C /* manifest3.json in Resources */ = {isa = PBXBuildFile; fileRef = DCDF74532A049DC40010282C /* manifest3.json */; };
		DCDF745F2A049DC40010282C /* stuff in Resources */ = {isa = PBXBuildFile; fileRef = DCDF74542A049DC40010282C /* stuff */; };
		DCDF74602A049DC40010282C /* CONTRIBUTING.md in Resources */ = {isa = PBXBuildFile; fileRef = DCDF74552A049DC40010282C /* CONTRIBUTING.md */; };
		DCDF74612A049DC40010282C /* menu in Resources */ = {isa = PBXBuildFile; fileRef = DCDF74562A049DC40010282C /* menu */; };
		DCDF74622A049DC40010282C /* manifest.json in Resources */ = {isa = PBXBuildFile; fileRef = DCDF74572A049DC40010282C /* manifest.json */; };
		DCDF74632A049DC40010282C /* js&css in Resources */ = {isa = PBXBuildFile; fileRef = DCDF74582A049DC40010282C /* js&css */; };
		DCDF74642A049DC40010282C /* _locales in Resources */ = {isa = PBXBuildFile; fileRef = DCDF74592A049DC40010282C /* _locales */; };
		DCDF74652A049DC40010282C /* 'Improve YouTube!' 🎧 (for YouTube & Videos) in Resources */ = {isa = PBXBuildFile; fileRef = DCDF745A2A049DC40010282C /* 'Improve YouTube!' 🎧 (for YouTube & Videos) */; };
		DCDF74662A049DC40010282C /* py in Resources */ = {isa = PBXBuildFile; fileRef = DCDF74502A049DC40010282C /* py */; };
		DCDF74672A049DC40010282C /* LICENSE in Resources */ = {isa = PBXBuildFile; fileRef = DCDF74512A049DC40010282C /* LICENSE */; };
		DCDF74682A049DC40010282C /* background.js in Resources */ = {isa = PBXBuildFile; fileRef = DCDF74522A049DC40010282C /* background.js */; };
		DCDF74692A049DC40010282C /* manifest3.json in Resources */ = {isa = PBXBuildFile; fileRef = DCDF74532A049DC40010282C /* manifest3.json */; };
		DCDF746A2A049DC40010282C /* stuff in Resources */ = {isa = PBXBuildFile; fileRef = DCDF74542A049DC40010282C /* stuff */; };
		DCDF746B2A049DC40010282C /* CONTRIBUTING.md in Resources */ = {isa = PBXBuildFile; fileRef = DCDF74552A049DC40010282C /* CONTRIBUTING.md */; };
		DCDF746C2A049DC40010282C /* menu in Resources */ = {isa = PBXBuildFile; fileRef = DCDF74562A049DC40010282C /* menu */; };
		DCDF746D2A049DC40010282C /* manifest.json in Resources */ = {isa = PBXBuildFile; fileRef = DCDF74572A049DC40010282C /* manifest.json */; };
		DCDF746E2A049DC40010282C /* js&css in Resources */ = {isa = PBXBuildFile; fileRef = DCDF74582A049DC40010282C /* js&css */; };
		DCDF746F2A049DC40010282C /* _locales in Resources */ = {isa = PBXBuildFile; fileRef = DCDF74592A049DC40010282C /* _locales */; };
		DCDF74702A049DC40010282C /* 'Improve YouTube!' 🎧 (for YouTube & Videos) in Resources */ = {isa = PBXBuildFile; fileRef = DCDF745A2A049DC40010282C /* 'Improve YouTube!' 🎧 (for YouTube & Videos) */; };
/* End PBXBuildFile section */

/* Begin PBXContainerItemProxy section */
		DCDF74222A049DC40010282C /* PBXContainerItemProxy */ = {
			isa = PBXContainerItemProxy;
			containerPortal = DCDF73EE2A049DC20010282C /* Project object */;
			proxyType = 1;
			remoteGlobalIDString = DCDF741F2A049DC40010282C;
			remoteInfo = "'Improve YouTube!' 🎧 (for YouTube & Videos) Extension (iOS)";
		};
		DCDF742C2A049DC40010282C /* PBXContainerItemProxy */ = {
			isa = PBXContainerItemProxy;
			containerPortal = DCDF73EE2A049DC20010282C /* Project object */;
			proxyType = 1;
			remoteGlobalIDString = DCDF74292A049DC40010282C;
			remoteInfo = "'Improve YouTube!' 🎧 (for YouTube & Videos) Extension (macOS)";
		};
/* End PBXContainerItemProxy section */

/* Begin PBXCopyFilesBuildPhase section */
		DCDF74442A049DC40010282C /* Embed Foundation Extensions */ = {
			isa = PBXCopyFilesBuildPhase;
			buildActionMask = 2147483647;
			dstPath = "";
			dstSubfolderSpec = 13;
			files = (
				DCDF74212A049DC40010282C /* 'Improve YouTube!' 🎧 (for YouTube & Videos) Extension.appex in Embed Foundation Extensions */,
			);
			name = "Embed Foundation Extensions";
			runOnlyForDeploymentPostprocessing = 0;
		};
		DCDF744B2A049DC40010282C /* Embed Foundation Extensions */ = {
			isa = PBXCopyFilesBuildPhase;
			buildActionMask = 2147483647;
			dstPath = "";
			dstSubfolderSpec = 13;
			files = (
				DCDF742B2A049DC40010282C /* 'Improve YouTube!' 🎧 (for YouTube & Videos) Extension.appex in Embed Foundation Extensions */,
			);
			name = "Embed Foundation Extensions";
			runOnlyForDeploymentPostprocessing = 0;
		};
/* End PBXCopyFilesBuildPhase section */

/* Begin PBXFileReference section */
		DCDF73F52A049DC20010282C /* Base */ = {isa = PBXFileReference; lastKnownFileType = text.html; name = Base; path = ../Base.lproj/Main.html; sourceTree = "<group>"; };
		DCDF73F62A049DC20010282C /* Icon.png */ = {isa = PBXFileReference; lastKnownFileType = image.png; path = Icon.png; sourceTree = "<group>"; };
		DCDF73F72A049DC20010282C /* Style.css */ = {isa = PBXFileReference; lastKnownFileType = text.css; path = Style.css; sourceTree = "<group>"; };
		DCDF73F82A049DC20010282C /* Script.js */ = {isa = PBXFileReference; lastKnownFileType = sourcecode.javascript; path = Script.js; sourceTree = "<group>"; };
		DCDF73F92A049DC20010282C /* ViewController.swift */ = {isa = PBXFileReference; lastKnownFileType = sourcecode.swift; path = ViewController.swift; sourceTree = "<group>"; };
		DCDF73FA2A049DC40010282C /* Assets.xcassets */ = {isa = PBXFileReference; lastKnownFileType = folder.assetcatalog; path = Assets.xcassets; sourceTree = "<group>"; };
		DCDF73FC2A049DC40010282C /* SafariWebExtensionHandler.swift */ = {isa = PBXFileReference; lastKnownFileType = sourcecode.swift; path = SafariWebExtensionHandler.swift; sourceTree = "<group>"; };
		DCDF74012A049DC40010282C /* 'Improve YouTube!' 🎧 (for YouTube & Videos).app */ = {isa = PBXFileReference; explicitFileType = wrapper.application; includeInIndex = 0; path = "'Improve YouTube!' 🎧 (for YouTube & Videos).app"; sourceTree = BUILT_PRODUCTS_DIR; };
		DCDF74042A049DC40010282C /* AppDelegate.swift */ = {isa = PBXFileReference; lastKnownFileType = sourcecode.swift; path = AppDelegate.swift; sourceTree = "<group>"; };
		DCDF74062A049DC40010282C /* SceneDelegate.swift */ = {isa = PBXFileReference; lastKnownFileType = sourcecode.swift; path = SceneDelegate.swift; sourceTree = "<group>"; };
		DCDF74092A049DC40010282C /* Base */ = {isa = PBXFileReference; lastKnownFileType = file.storyboard; name = Base; path = Base.lproj/LaunchScreen.storyboard; sourceTree = "<group>"; };
		DCDF740C2A049DC40010282C /* Base */ = {isa = PBXFileReference; lastKnownFileType = file.storyboard; name = Base; path = Base.lproj/Main.storyboard; sourceTree = "<group>"; };
		DCDF740E2A049DC40010282C /* Info.plist */ = {isa = PBXFileReference; lastKnownFileType = text.plist.xml; path = Info.plist; sourceTree = "<group>"; };
		DCDF74132A049DC40010282C /* 'Improve YouTube!' 🎧 (for YouTube & Videos).app */ = {isa = PBXFileReference; explicitFileType = wrapper.application; includeInIndex = 0; path = "'Improve YouTube!' 🎧 (for YouTube & Videos).app"; sourceTree = BUILT_PRODUCTS_DIR; };
		DCDF74152A049DC40010282C /* AppDelegate.swift */ = {isa = PBXFileReference; lastKnownFileType = sourcecode.swift; path = AppDelegate.swift; sourceTree = "<group>"; };
		DCDF74182A049DC40010282C /* Base */ = {isa = PBXFileReference; lastKnownFileType = file.storyboard; name = Base; path = Base.lproj/Main.storyboard; sourceTree = "<group>"; };
		DCDF741A2A049DC40010282C /* Info.plist */ = {isa = PBXFileReference; lastKnownFileType = text.plist.xml; path = Info.plist; sourceTree = "<group>"; };
		DCDF741B2A049DC40010282C /* 'Improve YouTube!' 🎧 (for YouTube & Videos).entitlements */ = {isa = PBXFileReference; lastKnownFileType = text.plist.entitlements; path = "'Improve YouTube!' 🎧 (for YouTube & Videos).entitlements"; sourceTree = "<group>"; };
		DCDF74202A049DC40010282C /* 'Improve YouTube!' 🎧 (for YouTube & Videos) Extension.appex */ = {isa = PBXFileReference; explicitFileType = "wrapper.app-extension"; includeInIndex = 0; path = "'Improve YouTube!' 🎧 (for YouTube & Videos) Extension.appex"; sourceTree = BUILT_PRODUCTS_DIR; };
		DCDF74252A049DC40010282C /* Info.plist */ = {isa = PBXFileReference; lastKnownFileType = text.plist.xml; path = Info.plist; sourceTree = "<group>"; };
		DCDF742A2A049DC40010282C /* 'Improve YouTube!' 🎧 (for YouTube & Videos) Extension.appex */ = {isa = PBXFileReference; explicitFileType = "wrapper.app-extension"; includeInIndex = 0; path = "'Improve YouTube!' 🎧 (for YouTube & Videos) Extension.appex"; sourceTree = BUILT_PRODUCTS_DIR; };
		DCDF742F2A049DC40010282C /* Info.plist */ = {isa = PBXFileReference; lastKnownFileType = text.plist.xml; path = Info.plist; sourceTree = "<group>"; };
		DCDF74302A049DC40010282C /* 'Improve YouTube!' 🎧 (for YouTube & Videos).entitlements */ = {isa = PBXFileReference; lastKnownFileType = text.plist.entitlements; path = "'Improve YouTube!' 🎧 (for YouTube & Videos).entitlements"; sourceTree = "<group>"; };
		DCDF74502A049DC40010282C /* py */ = {isa = PBXFileReference; lastKnownFileType = folder; name = py; path = ../../py; sourceTree = "<group>"; };
		DCDF74512A049DC40010282C /* LICENSE */ = {isa = PBXFileReference; lastKnownFileType = text; name = LICENSE; path = ../../LICENSE; sourceTree = "<group>"; };
		DCDF74522A049DC40010282C /* background.js */ = {isa = PBXFileReference; lastKnownFileType = sourcecode.javascript; name = background.js; path = ../../background.js; sourceTree = "<group>"; };
		DCDF74532A049DC40010282C /* manifest3.json */ = {isa = PBXFileReference; lastKnownFileType = text.json; name = manifest3.json; path = ../../manifest3.json; sourceTree = "<group>"; };
		DCDF74542A049DC40010282C /* stuff */ = {isa = PBXFileReference; lastKnownFileType = folder; name = stuff; path = ../../stuff; sourceTree = "<group>"; };
		DCDF74552A049DC40010282C /* CONTRIBUTING.md */ = {isa = PBXFileReference; lastKnownFileType = net.daringfireball.markdown; name = CONTRIBUTING.md; path = ../../CONTRIBUTING.md; sourceTree = "<group>"; };
		DCDF74562A049DC40010282C /* menu */ = {isa = PBXFileReference; lastKnownFileType = folder; name = menu; path = ../../menu; sourceTree = "<group>"; };
		DCDF74572A049DC40010282C /* manifest.json */ = {isa = PBXFileReference; lastKnownFileType = text.json; name = manifest.json; path = ../../manifest.json; sourceTree = "<group>"; };
		DCDF74582A049DC40010282C /* js&css */ = {isa = PBXFileReference; lastKnownFileType = folder; name = "js&css"; path = "../../js&css"; sourceTree = "<group>"; };
		DCDF74592A049DC40010282C /* _locales */ = {isa = PBXFileReference; lastKnownFileType = folder; name = _locales; path = ../../_locales; sourceTree = "<group>"; };
		DCDF745A2A049DC40010282C /* 'Improve YouTube!' 🎧 (for YouTube & Videos) */ = {isa = PBXFileReference; lastKnownFileType = text; path = "'Improve YouTube!' 🎧 (for YouTube & Videos)"; sourceTree = SOURCE_ROOT; };
/* End PBXFileReference section */

/* Begin PBXFrameworksBuildPhase section */
		DCDF73FE2A049DC40010282C /* Frameworks */ = {
			isa = PBXFrameworksBuildPhase;
			buildActionMask = 2147483647;
			files = (
			);
			runOnlyForDeploymentPostprocessing = 0;
		};
		DCDF74102A049DC40010282C /* Frameworks */ = {
			isa = PBXFrameworksBuildPhase;
			buildActionMask = 2147483647;
			files = (
			);
			runOnlyForDeploymentPostprocessing = 0;
		};
		DCDF741D2A049DC40010282C /* Frameworks */ = {
			isa = PBXFrameworksBuildPhase;
			buildActionMask = 2147483647;
			files = (
			);
			runOnlyForDeploymentPostprocessing = 0;
		};
		DCDF74272A049DC40010282C /* Frameworks */ = {
			isa = PBXFrameworksBuildPhase;
			buildActionMask = 2147483647;
			files = (
			);
			runOnlyForDeploymentPostprocessing = 0;
		};
/* End PBXFrameworksBuildPhase section */

/* Begin PBXGroup section */
		DCDF73ED2A049DC20010282C = {
			isa = PBXGroup;
			children = (
				DCDF73F22A049DC20010282C /* Shared (App) */,
				DCDF73FB2A049DC40010282C /* Shared (Extension) */,
				DCDF74032A049DC40010282C /* iOS (App) */,
				DCDF74142A049DC40010282C /* macOS (App) */,
				DCDF74242A049DC40010282C /* iOS (Extension) */,
				DCDF742E2A049DC40010282C /* macOS (Extension) */,
				DCDF74022A049DC40010282C /* Products */,
			);
			sourceTree = "<group>";
		};
		DCDF73F22A049DC20010282C /* Shared (App) */ = {
			isa = PBXGroup;
			children = (
				DCDF73F92A049DC20010282C /* ViewController.swift */,
				DCDF73FA2A049DC40010282C /* Assets.xcassets */,
				DCDF73F32A049DC20010282C /* Resources */,
			);
			path = "Shared (App)";
			sourceTree = "<group>";
		};
		DCDF73F32A049DC20010282C /* Resources */ = {
			isa = PBXGroup;
			children = (
				DCDF73F42A049DC20010282C /* Main.html */,
				DCDF73F62A049DC20010282C /* Icon.png */,
				DCDF73F72A049DC20010282C /* Style.css */,
				DCDF73F82A049DC20010282C /* Script.js */,
			);
			path = Resources;
			sourceTree = "<group>";
		};
		DCDF73FB2A049DC40010282C /* Shared (Extension) */ = {
			isa = PBXGroup;
			children = (
				DCDF744F2A049DC40010282C /* Resources */,
				DCDF73FC2A049DC40010282C /* SafariWebExtensionHandler.swift */,
			);
			path = "Shared (Extension)";
			sourceTree = "<group>";
		};
		DCDF74022A049DC40010282C /* Products */ = {
			isa = PBXGroup;
			children = (
				DCDF74012A049DC40010282C /* 'Improve YouTube!' 🎧 (for YouTube & Videos).app */,
				DCDF74132A049DC40010282C /* 'Improve YouTube!' 🎧 (for YouTube & Videos).app */,
				DCDF74202A049DC40010282C /* 'Improve YouTube!' 🎧 (for YouTube & Videos) Extension.appex */,
				DCDF742A2A049DC40010282C /* 'Improve YouTube!' 🎧 (for YouTube & Videos) Extension.appex */,
			);
			name = Products;
			sourceTree = "<group>";
		};
		DCDF74032A049DC40010282C /* iOS (App) */ = {
			isa = PBXGroup;
			children = (
				DCDF74042A049DC40010282C /* AppDelegate.swift */,
				DCDF74062A049DC40010282C /* SceneDelegate.swift */,
				DCDF74082A049DC40010282C /* LaunchScreen.storyboard */,
				DCDF740B2A049DC40010282C /* Main.storyboard */,
				DCDF740E2A049DC40010282C /* Info.plist */,
			);
			path = "iOS (App)";
			sourceTree = "<group>";
		};
		DCDF74142A049DC40010282C /* macOS (App) */ = {
			isa = PBXGroup;
			children = (
				DCDF74152A049DC40010282C /* AppDelegate.swift */,
				DCDF74172A049DC40010282C /* Main.storyboard */,
				DCDF741A2A049DC40010282C /* Info.plist */,
				DCDF741B2A049DC40010282C /* 'Improve YouTube!' 🎧 (for YouTube & Videos).entitlements */,
			);
			path = "macOS (App)";
			sourceTree = "<group>";
		};
		DCDF74242A049DC40010282C /* iOS (Extension) */ = {
			isa = PBXGroup;
			children = (
				DCDF74252A049DC40010282C /* Info.plist */,
			);
			path = "iOS (Extension)";
			sourceTree = "<group>";
		};
		DCDF742E2A049DC40010282C /* macOS (Extension) */ = {
			isa = PBXGroup;
			children = (
				DCDF742F2A049DC40010282C /* Info.plist */,
				DCDF74302A049DC40010282C /* 'Improve YouTube!' 🎧 (for YouTube & Videos).entitlements */,
			);
			path = "macOS (Extension)";
			sourceTree = "<group>";
		};
		DCDF744F2A049DC40010282C /* Resources */ = {
			isa = PBXGroup;
			children = (
				DCDF74502A049DC40010282C /* py */,
				DCDF74512A049DC40010282C /* LICENSE */,
				DCDF74522A049DC40010282C /* background.js */,
				DCDF74532A049DC40010282C /* manifest3.json */,
				DCDF74542A049DC40010282C /* stuff */,
				DCDF74552A049DC40010282C /* CONTRIBUTING.md */,
				DCDF74562A049DC40010282C /* menu */,
				DCDF74572A049DC40010282C /* manifest.json */,
				DCDF74582A049DC40010282C /* js&css */,
				DCDF74592A049DC40010282C /* _locales */,
				DCDF745A2A049DC40010282C /* 'Improve YouTube!' 🎧 (for YouTube & Videos) */,
			);
			name = Resources;
			path = "Shared (Extension)";
			sourceTree = SOURCE_ROOT;
		};
/* End PBXGroup section */

/* Begin PBXNativeTarget section */
		DCDF74002A049DC40010282C /* 'Improve YouTube!' 🎧 (for YouTube & Videos) (iOS) */ = {
			isa = PBXNativeTarget;
			buildConfigurationList = DCDF74452A049DC40010282C /* Build configuration list for PBXNativeTarget "'Improve YouTube!' 🎧 (for YouTube & Videos) (iOS)" */;
			buildPhases = (
				DCDF73FD2A049DC40010282C /* Sources */,
				DCDF73FE2A049DC40010282C /* Frameworks */,
				DCDF73FF2A049DC40010282C /* Resources */,
				DCDF74442A049DC40010282C /* Embed Foundation Extensions */,
			);
			buildRules = (
			);
			dependencies = (
				DCDF74232A049DC40010282C /* PBXTargetDependency */,
			);
			name = "'Improve YouTube!' 🎧 (for YouTube & Videos) (iOS)";
			productName = "'Improve YouTube!' 🎧 (for YouTube & Videos) (iOS)";
			productReference = DCDF74012A049DC40010282C /* 'Improve YouTube!' 🎧 (for YouTube & Videos).app */;
			productType = "com.apple.product-type.application";
		};
		DCDF74122A049DC40010282C /* 'Improve YouTube!' 🎧 (for YouTube & Videos) (macOS) */ = {
			isa = PBXNativeTarget;
			buildConfigurationList = DCDF744C2A049DC40010282C /* Build configuration list for PBXNativeTarget "'Improve YouTube!' 🎧 (for YouTube & Videos) (macOS)" */;
			buildPhases = (
				DCDF740F2A049DC40010282C /* Sources */,
				DCDF74102A049DC40010282C /* Frameworks */,
				DCDF74112A049DC40010282C /* Resources */,
				DCDF744B2A049DC40010282C /* Embed Foundation Extensions */,
			);
			buildRules = (
			);
			dependencies = (
				DCDF742D2A049DC40010282C /* PBXTargetDependency */,
			);
			name = "'Improve YouTube!' 🎧 (for YouTube & Videos) (macOS)";
			productName = "'Improve YouTube!' 🎧 (for YouTube & Videos) (macOS)";
			productReference = DCDF74132A049DC40010282C /* 'Improve YouTube!' 🎧 (for YouTube & Videos).app */;
			productType = "com.apple.product-type.application";
		};
		DCDF741F2A049DC40010282C /* 'Improve YouTube!' 🎧 (for YouTube & Videos) Extension (iOS) */ = {
			isa = PBXNativeTarget;
			buildConfigurationList = DCDF74412A049DC40010282C /* Build configuration list for PBXNativeTarget "'Improve YouTube!' 🎧 (for YouTube & Videos) Extension (iOS)" */;
			buildPhases = (
				DCDF741C2A049DC40010282C /* Sources */,
				DCDF741D2A049DC40010282C /* Frameworks */,
				DCDF741E2A049DC40010282C /* Resources */,
			);
			buildRules = (
			);
			dependencies = (
			);
			name = "'Improve YouTube!' 🎧 (for YouTube & Videos) Extension (iOS)";
			productName = "'Improve YouTube!' 🎧 (for YouTube & Videos) Extension (iOS)";
			productReference = DCDF74202A049DC40010282C /* 'Improve YouTube!' 🎧 (for YouTube & Videos) Extension.appex */;
			productType = "com.apple.product-type.app-extension";
		};
		DCDF74292A049DC40010282C /* 'Improve YouTube!' 🎧 (for YouTube & Videos) Extension (macOS) */ = {
			isa = PBXNativeTarget;
			buildConfigurationList = DCDF74482A049DC40010282C /* Build configuration list for PBXNativeTarget "'Improve YouTube!' 🎧 (for YouTube & Videos) Extension (macOS)" */;
			buildPhases = (
				DCDF74262A049DC40010282C /* Sources */,
				DCDF74272A049DC40010282C /* Frameworks */,
				DCDF74282A049DC40010282C /* Resources */,
			);
			buildRules = (
			);
			dependencies = (
			);
			name = "'Improve YouTube!' 🎧 (for YouTube & Videos) Extension (macOS)";
			productName = "'Improve YouTube!' 🎧 (for YouTube & Videos) Extension (macOS)";
			productReference = DCDF742A2A049DC40010282C /* 'Improve YouTube!' 🎧 (for YouTube & Videos) Extension.appex */;
			productType = "com.apple.product-type.app-extension";
		};
/* End PBXNativeTarget section */

/* Begin PBXProject section */
		DCDF73EE2A049DC20010282C /* Project object */ = {
			isa = PBXProject;
			attributes = {
				BuildIndependentTargetsInParallel = 1;
				LastSwiftUpdateCheck = 1430;
				LastUpgradeCheck = 1430;
				ORGANIZATIONNAME = org.nativeit;
				TargetAttributes = {
					DCDF74002A049DC40010282C = {
						CreatedOnToolsVersion = 14.3;
					};
					DCDF74122A049DC40010282C = {
						CreatedOnToolsVersion = 14.3;
					};
					DCDF741F2A049DC40010282C = {
						CreatedOnToolsVersion = 14.3;
					};
					DCDF74292A049DC40010282C = {
						CreatedOnToolsVersion = 14.3;
					};
				};
			};
			buildConfigurationList = DCDF73F12A049DC20010282C /* Build configuration list for PBXProject "'Improve YouTube!' 🎧 (for YouTube & Videos)" */;
			compatibilityVersion = "Xcode 14.0";
			developmentRegion = en;
			hasScannedForEncodings = 0;
			knownRegions = (
				en,
				Base,
			);
			mainGroup = DCDF73ED2A049DC20010282C;
			productRefGroup = DCDF74022A049DC40010282C /* Products */;
			projectDirPath = "";
			projectRoot = "";
			targets = (
				DCDF74002A049DC40010282C /* 'Improve YouTube!' 🎧 (for YouTube & Videos) (iOS) */,
				DCDF74122A049DC40010282C /* 'Improve YouTube!' 🎧 (for YouTube & Videos) (macOS) */,
				DCDF741F2A049DC40010282C /* 'Improve YouTube!' 🎧 (for YouTube & Videos) Extension (iOS) */,
				DCDF74292A049DC40010282C /* 'Improve YouTube!' 🎧 (for YouTube & Videos) Extension (macOS) */,
			);
		};
/* End PBXProject section */

/* Begin PBXResourcesBuildPhase section */
		DCDF73FF2A049DC40010282C /* Resources */ = {
			isa = PBXResourcesBuildPhase;
			buildActionMask = 2147483647;
			files = (
				DCDF74332A049DC40010282C /* Icon.png in Resources */,
				DCDF740A2A049DC40010282C /* LaunchScreen.storyboard in Resources */,
				DCDF74312A049DC40010282C /* Main.html in Resources */,
				DCDF74372A049DC40010282C /* Script.js in Resources */,
				DCDF743B2A049DC40010282C /* Assets.xcassets in Resources */,
				DCDF740D2A049DC40010282C /* Main.storyboard in Resources */,
				DCDF74352A049DC40010282C /* Style.css in Resources */,
			);
			runOnlyForDeploymentPostprocessing = 0;
		};
		DCDF74112A049DC40010282C /* Resources */ = {
			isa = PBXResourcesBuildPhase;
			buildActionMask = 2147483647;
			files = (
				DCDF74342A049DC40010282C /* Icon.png in Resources */,
				DCDF74362A049DC40010282C /* Style.css in Resources */,
				DCDF74192A049DC40010282C /* Main.storyboard in Resources */,
				DCDF74382A049DC40010282C /* Script.js in Resources */,
				DCDF743C2A049DC40010282C /* Assets.xcassets in Resources */,
				DCDF74322A049DC40010282C /* Main.html in Resources */,
			);
			runOnlyForDeploymentPostprocessing = 0;
		};
		DCDF741E2A049DC40010282C /* Resources */ = {
			isa = PBXResourcesBuildPhase;
			buildActionMask = 2147483647;
			files = (
				DCDF74692A049DC40010282C /* manifest3.json in Resources */,
				DCDF746A2A049DC40010282C /* stuff in Resources */,
				DCDF746E2A049DC40010282C /* js&css in Resources */,
				DCDF746B2A049DC40010282C /* CONTRIBUTING.md in Resources */,
				DCDF74672A049DC40010282C /* LICENSE in Resources */,
				DCDF746D2A049DC40010282C /* manifest.json in Resources */,
				DCDF74682A049DC40010282C /* background.js in Resources */,
				DCDF74662A049DC40010282C /* py in Resources */,
				DCDF74702A049DC40010282C /* 'Improve YouTube!' 🎧 (for YouTube & Videos) in Resources */,
				DCDF746F2A049DC40010282C /* _locales in Resources */,
				DCDF746C2A049DC40010282C /* menu in Resources */,
			);
			runOnlyForDeploymentPostprocessing = 0;
		};
		DCDF74282A049DC40010282C /* Resources */ = {
			isa = PBXResourcesBuildPhase;
			buildActionMask = 2147483647;
			files = (
				DCDF745E2A049DC40010282C /* manifest3.json in Resources */,
				DCDF745F2A049DC40010282C /* stuff in Resources */,
				DCDF74632A049DC40010282C /* js&css in Resources */,
				DCDF74602A049DC40010282C /* CONTRIBUTING.md in Resources */,
				DCDF745C2A049DC40010282C /* LICENSE in Resources */,
				DCDF74622A049DC40010282C /* manifest.json in Resources */,
				DCDF745D2A049DC40010282C /* background.js in Resources */,
				DCDF745B2A049DC40010282C /* py in Resources */,
				DCDF74652A049DC40010282C /* 'Improve YouTube!' 🎧 (for YouTube & Videos) in Resources */,
				DCDF74642A049DC40010282C /* _locales in Resources */,
				DCDF74612A049DC40010282C /* menu in Resources */,
			);
			runOnlyForDeploymentPostprocessing = 0;
		};
/* End PBXResourcesBuildPhase section */

/* Begin PBXSourcesBuildPhase section */
		DCDF73FD2A049DC40010282C /* Sources */ = {
			isa = PBXSourcesBuildPhase;
			buildActionMask = 2147483647;
			files = (
				DCDF74392A049DC40010282C /* ViewController.swift in Sources */,
				DCDF74052A049DC40010282C /* AppDelegate.swift in Sources */,
				DCDF74072A049DC40010282C /* SceneDelegate.swift in Sources */,
			);
			runOnlyForDeploymentPostprocessing = 0;
		};
		DCDF740F2A049DC40010282C /* Sources */ = {
			isa = PBXSourcesBuildPhase;
			buildActionMask = 2147483647;
			files = (
				DCDF743A2A049DC40010282C /* ViewController.swift in Sources */,
				DCDF74162A049DC40010282C /* AppDelegate.swift in Sources */,
			);
			runOnlyForDeploymentPostprocessing = 0;
		};
		DCDF741C2A049DC40010282C /* Sources */ = {
			isa = PBXSourcesBuildPhase;
			buildActionMask = 2147483647;
			files = (
				DCDF743D2A049DC40010282C /* SafariWebExtensionHandler.swift in Sources */,
			);
			runOnlyForDeploymentPostprocessing = 0;
		};
		DCDF74262A049DC40010282C /* Sources */ = {
			isa = PBXSourcesBuildPhase;
			buildActionMask = 2147483647;
			files = (
				DCDF743E2A049DC40010282C /* SafariWebExtensionHandler.swift in Sources */,
			);
			runOnlyForDeploymentPostprocessing = 0;
		};
/* End PBXSourcesBuildPhase section */

/* Begin PBXTargetDependency section */
		DCDF74232A049DC40010282C /* PBXTargetDependency */ = {
			isa = PBXTargetDependency;
			target = DCDF741F2A049DC40010282C /* 'Improve YouTube!' 🎧 (for YouTube & Videos) Extension (iOS) */;
			targetProxy = DCDF74222A049DC40010282C /* PBXContainerItemProxy */;
		};
		DCDF742D2A049DC40010282C /* PBXTargetDependency */ = {
			isa = PBXTargetDependency;
			target = DCDF74292A049DC40010282C /* 'Improve YouTube!' 🎧 (for YouTube & Videos) Extension (macOS) */;
			targetProxy = DCDF742C2A049DC40010282C /* PBXContainerItemProxy */;
		};
/* End PBXTargetDependency section */

/* Begin PBXVariantGroup section */
		DCDF73F42A049DC20010282C /* Main.html */ = {
			isa = PBXVariantGroup;
			children = (
				DCDF73F52A049DC20010282C /* Base */,
			);
			name = Main.html;
			sourceTree = "<group>";
		};
		DCDF74082A049DC40010282C /* LaunchScreen.storyboard */ = {
			isa = PBXVariantGroup;
			children = (
				DCDF74092A049DC40010282C /* Base */,
			);
			name = LaunchScreen.storyboard;
			sourceTree = "<group>";
		};
		DCDF740B2A049DC40010282C /* Main.storyboard */ = {
			isa = PBXVariantGroup;
			children = (
				DCDF740C2A049DC40010282C /* Base */,
			);
			name = Main.storyboard;
			sourceTree = "<group>";
		};
		DCDF74172A049DC40010282C /* Main.storyboard */ = {
			isa = PBXVariantGroup;
			children = (
				DCDF74182A049DC40010282C /* Base */,
			);
			name = Main.storyboard;
			sourceTree = "<group>";
		};
/* End PBXVariantGroup section */

/* Begin XCBuildConfiguration section */
		DCDF743F2A049DC40010282C /* Debug */ = {
			isa = XCBuildConfiguration;
			buildSettings = {
				ALWAYS_SEARCH_USER_PATHS = NO;
				CLANG_ANALYZER_NONNULL = YES;
				CLANG_ANALYZER_NUMBER_OBJECT_CONVERSION = YES_AGGRESSIVE;
				CLANG_CXX_LANGUAGE_STANDARD = "gnu++20";
				CLANG_ENABLE_MODULES = YES;
				CLANG_ENABLE_OBJC_ARC = YES;
				CLANG_ENABLE_OBJC_WEAK = YES;
				CLANG_WARN_BLOCK_CAPTURE_AUTORELEASING = YES;
				CLANG_WARN_BOOL_CONVERSION = YES;
				CLANG_WARN_COMMA = YES;
				CLANG_WARN_CONSTANT_CONVERSION = YES;
				CLANG_WARN_DEPRECATED_OBJC_IMPLEMENTATIONS = YES;
				CLANG_WARN_DIRECT_OBJC_ISA_USAGE = YES_ERROR;
				CLANG_WARN_DOCUMENTATION_COMMENTS = YES;
				CLANG_WARN_EMPTY_BODY = YES;
				CLANG_WARN_ENUM_CONVERSION = YES;
				CLANG_WARN_INFINITE_RECURSION = YES;
				CLANG_WARN_INT_CONVERSION = YES;
				CLANG_WARN_NON_LITERAL_NULL_CONVERSION = YES;
				CLANG_WARN_OBJC_IMPLICIT_RETAIN_SELF = YES;
				CLANG_WARN_OBJC_LITERAL_CONVERSION = YES;
				CLANG_WARN_OBJC_ROOT_CLASS = YES_ERROR;
				CLANG_WARN_QUOTED_INCLUDE_IN_FRAMEWORK_HEADER = YES;
				CLANG_WARN_RANGE_LOOP_ANALYSIS = YES;
				CLANG_WARN_STRICT_PROTOTYPES = YES;
				CLANG_WARN_SUSPICIOUS_MOVE = YES;
				CLANG_WARN_UNGUARDED_AVAILABILITY = YES_AGGRESSIVE;
				CLANG_WARN_UNREACHABLE_CODE = YES;
				CLANG_WARN__DUPLICATE_METHOD_MATCH = YES;
				COPY_PHASE_STRIP = NO;
				DEBUG_INFORMATION_FORMAT = dwarf;
				DSTROOT = "/Users/stephen/Applications/$(PROJECT_NAME).dst";
				ENABLE_STRICT_OBJC_MSGSEND = YES;
				ENABLE_TESTABILITY = YES;
				GCC_C_LANGUAGE_STANDARD = gnu11;
				GCC_DYNAMIC_NO_PIC = NO;
				GCC_NO_COMMON_BLOCKS = YES;
				GCC_OPTIMIZATION_LEVEL = 0;
				GCC_PREPROCESSOR_DEFINITIONS = (
					"DEBUG=1",
					"$(inherited)",
				);
				GCC_WARN_64_TO_32_BIT_CONVERSION = YES;
				GCC_WARN_ABOUT_RETURN_TYPE = YES_ERROR;
				GCC_WARN_UNDECLARED_SELECTOR = YES;
				GCC_WARN_UNINITIALIZED_AUTOS = YES_AGGRESSIVE;
				GCC_WARN_UNUSED_FUNCTION = YES;
				GCC_WARN_UNUSED_VARIABLE = YES;
				MTL_ENABLE_DEBUG_INFO = INCLUDE_SOURCE;
				MTL_FAST_MATH = YES;
				ONLY_ACTIVE_ARCH = YES;
				SWIFT_ACTIVE_COMPILATION_CONDITIONS = DEBUG;
				SWIFT_OPTIMIZATION_LEVEL = "-Onone";
			};
			name = Debug;
		};
		DCDF74402A049DC40010282C /* Release */ = {
			isa = XCBuildConfiguration;
			buildSettings = {
				ALWAYS_SEARCH_USER_PATHS = NO;
				CLANG_ANALYZER_NONNULL = YES;
				CLANG_ANALYZER_NUMBER_OBJECT_CONVERSION = YES_AGGRESSIVE;
				CLANG_CXX_LANGUAGE_STANDARD = "gnu++20";
				CLANG_ENABLE_MODULES = YES;
				CLANG_ENABLE_OBJC_ARC = YES;
				CLANG_ENABLE_OBJC_WEAK = YES;
				CLANG_WARN_BLOCK_CAPTURE_AUTORELEASING = YES;
				CLANG_WARN_BOOL_CONVERSION = YES;
				CLANG_WARN_COMMA = YES;
				CLANG_WARN_CONSTANT_CONVERSION = YES;
				CLANG_WARN_DEPRECATED_OBJC_IMPLEMENTATIONS = YES;
				CLANG_WARN_DIRECT_OBJC_ISA_USAGE = YES_ERROR;
				CLANG_WARN_DOCUMENTATION_COMMENTS = YES;
				CLANG_WARN_EMPTY_BODY = YES;
				CLANG_WARN_ENUM_CONVERSION = YES;
				CLANG_WARN_INFINITE_RECURSION = YES;
				CLANG_WARN_INT_CONVERSION = YES;
				CLANG_WARN_NON_LITERAL_NULL_CONVERSION = YES;
				CLANG_WARN_OBJC_IMPLICIT_RETAIN_SELF = YES;
				CLANG_WARN_OBJC_LITERAL_CONVERSION = YES;
				CLANG_WARN_OBJC_ROOT_CLASS = YES_ERROR;
				CLANG_WARN_QUOTED_INCLUDE_IN_FRAMEWORK_HEADER = YES;
				CLANG_WARN_RANGE_LOOP_ANALYSIS = YES;
				CLANG_WARN_STRICT_PROTOTYPES = YES;
				CLANG_WARN_SUSPICIOUS_MOVE = YES;
				CLANG_WARN_UNGUARDED_AVAILABILITY = YES_AGGRESSIVE;
				CLANG_WARN_UNREACHABLE_CODE = YES;
				CLANG_WARN__DUPLICATE_METHOD_MATCH = YES;
				COPY_PHASE_STRIP = NO;
				DEBUG_INFORMATION_FORMAT = "dwarf-with-dsym";
				DSTROOT = "/Users/stephen/Applications/$(PROJECT_NAME).dst";
				ENABLE_NS_ASSERTIONS = NO;
				ENABLE_STRICT_OBJC_MSGSEND = YES;
				GCC_C_LANGUAGE_STANDARD = gnu11;
				GCC_NO_COMMON_BLOCKS = YES;
				GCC_WARN_64_TO_32_BIT_CONVERSION = YES;
				GCC_WARN_ABOUT_RETURN_TYPE = YES_ERROR;
				GCC_WARN_UNDECLARED_SELECTOR = YES;
				GCC_WARN_UNINITIALIZED_AUTOS = YES_AGGRESSIVE;
				GCC_WARN_UNUSED_FUNCTION = YES;
				GCC_WARN_UNUSED_VARIABLE = YES;
				MTL_ENABLE_DEBUG_INFO = NO;
				MTL_FAST_MATH = YES;
				SWIFT_COMPILATION_MODE = wholemodule;
				SWIFT_OPTIMIZATION_LEVEL = "-O";
			};
			name = Release;
		};
		DCDF74422A049DC40010282C /* Debug */ = {
			isa = XCBuildConfiguration;
			buildSettings = {
				CODE_SIGN_STYLE = Automatic;
				CURRENT_PROJECT_VERSION = 1;
				DEVELOPMENT_TEAM = 4SGGX3RKA4;
				GENERATE_INFOPLIST_FILE = YES;
				INFOPLIST_FILE = "iOS (Extension)/Info.plist";
				INFOPLIST_KEY_CFBundleDisplayName = "'Improve YouTube!' 🎧 (for YouTube & Videos) Extension";
				INFOPLIST_KEY_NSHumanReadableCopyright = "";
				IPHONEOS_DEPLOYMENT_TARGET = 15.0;
				LD_RUNPATH_SEARCH_PATHS = (
					"$(inherited)",
					"@executable_path/Frameworks",
					"@executable_path/../../Frameworks",
				);
				MARKETING_VERSION = 1.0;
				OTHER_LDFLAGS = (
					"-framework",
					SafariServices,
				);
				PRODUCT_BUNDLE_IDENTIFIER = com.nativeit.ImproveYouTube;
				PRODUCT_NAME = "'Improve YouTube!' 🎧 (for YouTube & Videos) Extension";
				SDKROOT = iphoneos;
				SKIP_INSTALL = YES;
				SWIFT_EMIT_LOC_STRINGS = YES;
				SWIFT_VERSION = 5.0;
				TARGETED_DEVICE_FAMILY = "1,2";
			};
			name = Debug;
		};
		DCDF74432A049DC40010282C /* Release */ = {
			isa = XCBuildConfiguration;
			buildSettings = {
				CODE_SIGN_STYLE = Automatic;
				CURRENT_PROJECT_VERSION = 1;
				DEVELOPMENT_TEAM = 4SGGX3RKA4;
				GENERATE_INFOPLIST_FILE = YES;
				INFOPLIST_FILE = "iOS (Extension)/Info.plist";
				INFOPLIST_KEY_CFBundleDisplayName = "'Improve YouTube!' 🎧 (for YouTube & Videos) Extension";
				INFOPLIST_KEY_NSHumanReadableCopyright = "";
				IPHONEOS_DEPLOYMENT_TARGET = 15.0;
				LD_RUNPATH_SEARCH_PATHS = (
					"$(inherited)",
					"@executable_path/Frameworks",
					"@executable_path/../../Frameworks",
				);
				MARKETING_VERSION = 1.0;
				OTHER_LDFLAGS = (
					"-framework",
					SafariServices,
				);
				PRODUCT_BUNDLE_IDENTIFIER = com.nativeit.ImproveYouTube;
				PRODUCT_NAME = "'Improve YouTube!' 🎧 (for YouTube & Videos) Extension";
				SDKROOT = iphoneos;
				SKIP_INSTALL = YES;
				SWIFT_EMIT_LOC_STRINGS = YES;
				SWIFT_VERSION = 5.0;
				TARGETED_DEVICE_FAMILY = "1,2";
				VALIDATE_PRODUCT = YES;
			};
			name = Release;
		};
		DCDF74462A049DC40010282C /* Debug */ = {
			isa = XCBuildConfiguration;
			buildSettings = {
				ALWAYS_EMBED_SWIFT_STANDARD_LIBRARIES = YES;
				ASSETCATALOG_COMPILER_APPICON_NAME = AppIcon;
				ASSETCATALOG_COMPILER_GLOBAL_ACCENT_COLOR_NAME = AccentColor;
				CODE_SIGN_STYLE = Automatic;
				CURRENT_PROJECT_VERSION = 1;
				DEVELOPMENT_TEAM = 4SGGX3RKA4;
				GENERATE_INFOPLIST_FILE = YES;
				INFOPLIST_FILE = "iOS (App)/Info.plist";
				INFOPLIST_KEY_CFBundleDisplayName = "'Improve YouTube!' 🎧 (for YouTube & Videos)";
				INFOPLIST_KEY_UIApplicationSupportsIndirectInputEvents = YES;
				INFOPLIST_KEY_UILaunchStoryboardName = LaunchScreen;
				INFOPLIST_KEY_UIMainStoryboardFile = Main;
				INFOPLIST_KEY_UISupportedInterfaceOrientations = "UIInterfaceOrientationPortrait UIInterfaceOrientationLandscapeLeft UIInterfaceOrientationLandscapeRight";
				INFOPLIST_KEY_UISupportedInterfaceOrientations_iPad = "UIInterfaceOrientationPortrait UIInterfaceOrientationPortraitUpsideDown UIInterfaceOrientationLandscapeLeft UIInterfaceOrientationLandscapeRight";
				IPHONEOS_DEPLOYMENT_TARGET = 15.0;
				LD_RUNPATH_SEARCH_PATHS = (
					"$(inherited)",
					"@executable_path/Frameworks",
				);
				MARKETING_VERSION = 1.0;
				OTHER_LDFLAGS = (
					"-framework",
					SafariServices,
					"-framework",
					WebKit,
				);
				PRODUCT_BUNDLE_IDENTIFIER = com.nativeit.ImproveYouTube;
				PRODUCT_NAME = "'Improve YouTube!' 🎧 (for YouTube & Videos)";
				SDKROOT = iphoneos;
				SWIFT_EMIT_LOC_STRINGS = YES;
				SWIFT_VERSION = 5.0;
				TARGETED_DEVICE_FAMILY = "1,2";
			};
			name = Debug;
		};
		DCDF74472A049DC40010282C /* Release */ = {
			isa = XCBuildConfiguration;
			buildSettings = {
				ALWAYS_EMBED_SWIFT_STANDARD_LIBRARIES = YES;
				ASSETCATALOG_COMPILER_APPICON_NAME = AppIcon;
				ASSETCATALOG_COMPILER_GLOBAL_ACCENT_COLOR_NAME = AccentColor;
				CODE_SIGN_STYLE = Automatic;
				CURRENT_PROJECT_VERSION = 1;
				DEVELOPMENT_TEAM = 4SGGX3RKA4;
				GENERATE_INFOPLIST_FILE = YES;
				INFOPLIST_FILE = "iOS (App)/Info.plist";
				INFOPLIST_KEY_CFBundleDisplayName = "'Improve YouTube!' 🎧 (for YouTube & Videos)";
				INFOPLIST_KEY_UIApplicationSupportsIndirectInputEvents = YES;
				INFOPLIST_KEY_UILaunchStoryboardName = LaunchScreen;
				INFOPLIST_KEY_UIMainStoryboardFile = Main;
				INFOPLIST_KEY_UISupportedInterfaceOrientations = "UIInterfaceOrientationPortrait UIInterfaceOrientationLandscapeLeft UIInterfaceOrientationLandscapeRight";
				INFOPLIST_KEY_UISupportedInterfaceOrientations_iPad = "UIInterfaceOrientationPortrait UIInterfaceOrientationPortraitUpsideDown UIInterfaceOrientationLandscapeLeft UIInterfaceOrientationLandscapeRight";
				IPHONEOS_DEPLOYMENT_TARGET = 15.0;
				LD_RUNPATH_SEARCH_PATHS = (
					"$(inherited)",
					"@executable_path/Frameworks",
				);
				MARKETING_VERSION = 1.0;
				OTHER_LDFLAGS = (
					"-framework",
					SafariServices,
					"-framework",
					WebKit,
				);
				PRODUCT_BUNDLE_IDENTIFIER = com.nativeit.ImproveYouTube;
				PRODUCT_NAME = "'Improve YouTube!' 🎧 (for YouTube & Videos)";
				SDKROOT = iphoneos;
				SWIFT_EMIT_LOC_STRINGS = YES;
				SWIFT_VERSION = 5.0;
				TARGETED_DEVICE_FAMILY = "1,2";
				VALIDATE_PRODUCT = YES;
			};
			name = Release;
		};
		DCDF74492A049DC40010282C /* Debug */ = {
			isa = XCBuildConfiguration;
			buildSettings = {
				CODE_SIGN_ENTITLEMENTS = "macOS (Extension)/'Improve YouTube!' 🎧 (for YouTube & Videos).entitlements";
				CODE_SIGN_STYLE = Automatic;
				CURRENT_PROJECT_VERSION = 1;
				DEVELOPMENT_TEAM = 4SGGX3RKA4;
				ENABLE_HARDENED_RUNTIME = YES;
				GENERATE_INFOPLIST_FILE = YES;
				INFOPLIST_FILE = "macOS (Extension)/Info.plist";
				INFOPLIST_KEY_CFBundleDisplayName = "'Improve YouTube!' 🎧 (for YouTube & Videos) Extension";
				INFOPLIST_KEY_NSHumanReadableCopyright = "";
				LD_RUNPATH_SEARCH_PATHS = (
					"$(inherited)",
					"@executable_path/../Frameworks",
					"@executable_path/../../../../Frameworks",
				);
				MACOSX_DEPLOYMENT_TARGET = 10.14;
				MARKETING_VERSION = 1.0;
				OTHER_LDFLAGS = (
					"-framework",
					SafariServices,
				);
				PRODUCT_BUNDLE_IDENTIFIER = com.nativeit.ImproveYouTube;
				PRODUCT_NAME = "'Improve YouTube!' 🎧 (for YouTube & Videos) Extension";
				SDKROOT = macosx;
				SKIP_INSTALL = YES;
				SWIFT_EMIT_LOC_STRINGS = YES;
				SWIFT_VERSION = 5.0;
			};
			name = Debug;
		};
		DCDF744A2A049DC40010282C /* Release */ = {
			isa = XCBuildConfiguration;
			buildSettings = {
				CODE_SIGN_ENTITLEMENTS = "macOS (Extension)/'Improve YouTube!' 🎧 (for YouTube & Videos).entitlements";
				CODE_SIGN_STYLE = Automatic;
				CURRENT_PROJECT_VERSION = 1;
				DEVELOPMENT_TEAM = 4SGGX3RKA4;
				ENABLE_HARDENED_RUNTIME = YES;
				GENERATE_INFOPLIST_FILE = YES;
				INFOPLIST_FILE = "macOS (Extension)/Info.plist";
				INFOPLIST_KEY_CFBundleDisplayName = "'Improve YouTube!' 🎧 (for YouTube & Videos) Extension";
				INFOPLIST_KEY_NSHumanReadableCopyright = "";
				LD_RUNPATH_SEARCH_PATHS = (
					"$(inherited)",
					"@executable_path/../Frameworks",
					"@executable_path/../../../../Frameworks",
				);
				MACOSX_DEPLOYMENT_TARGET = 10.14;
				MARKETING_VERSION = 1.0;
				OTHER_LDFLAGS = (
					"-framework",
					SafariServices,
				);
				PRODUCT_BUNDLE_IDENTIFIER = com.nativeit.ImproveYouTube;
				PRODUCT_NAME = "'Improve YouTube!' 🎧 (for YouTube & Videos) Extension";
				SDKROOT = macosx;
				SKIP_INSTALL = YES;
				SWIFT_EMIT_LOC_STRINGS = YES;
				SWIFT_VERSION = 5.0;
			};
			name = Release;
		};
		DCDF744D2A049DC40010282C /* Debug */ = {
			isa = XCBuildConfiguration;
			buildSettings = {
				ALWAYS_EMBED_SWIFT_STANDARD_LIBRARIES = YES;
				ASSETCATALOG_COMPILER_APPICON_NAME = AppIcon;
				ASSETCATALOG_COMPILER_GLOBAL_ACCENT_COLOR_NAME = AccentColor;
				CODE_SIGN_ENTITLEMENTS = "macOS (App)/'Improve YouTube!' 🎧 (for YouTube & Videos).entitlements";
				CODE_SIGN_STYLE = Automatic;
				CURRENT_PROJECT_VERSION = 1;
				DEVELOPMENT_TEAM = 4SGGX3RKA4;
				ENABLE_HARDENED_RUNTIME = YES;
				GENERATE_INFOPLIST_FILE = YES;
				INFOPLIST_FILE = "macOS (App)/Info.plist";
				INFOPLIST_KEY_CFBundleDisplayName = "'Improve YouTube!' 🎧 (for YouTube & Videos)";
				INFOPLIST_KEY_NSMainStoryboardFile = Main;
				INFOPLIST_KEY_NSPrincipalClass = NSApplication;
				LD_RUNPATH_SEARCH_PATHS = (
					"$(inherited)",
					"@executable_path/../Frameworks",
				);
				MACOSX_DEPLOYMENT_TARGET = 10.14;
				MARKETING_VERSION = 1.0;
				OTHER_LDFLAGS = (
					"-framework",
					SafariServices,
					"-framework",
					WebKit,
				);
				PRODUCT_BUNDLE_IDENTIFIER = com.nativeit.ImproveYouTube;
				PRODUCT_NAME = "'Improve YouTube!' 🎧 (for YouTube & Videos)";
				SDKROOT = macosx;
				SWIFT_EMIT_LOC_STRINGS = YES;
				SWIFT_VERSION = 5.0;
			};
			name = Debug;
		};
		DCDF744E2A049DC40010282C /* Release */ = {
			isa = XCBuildConfiguration;
			buildSettings = {
				ALWAYS_EMBED_SWIFT_STANDARD_LIBRARIES = YES;
				ASSETCATALOG_COMPILER_APPICON_NAME = AppIcon;
				ASSETCATALOG_COMPILER_GLOBAL_ACCENT_COLOR_NAME = AccentColor;
				CODE_SIGN_ENTITLEMENTS = "macOS (App)/'Improve YouTube!' 🎧 (for YouTube & Videos).entitlements";
				CODE_SIGN_STYLE = Automatic;
				CURRENT_PROJECT_VERSION = 1;
				DEVELOPMENT_TEAM = 4SGGX3RKA4;
				ENABLE_HARDENED_RUNTIME = YES;
				GENERATE_INFOPLIST_FILE = YES;
				INFOPLIST_FILE = "macOS (App)/Info.plist";
				INFOPLIST_KEY_CFBundleDisplayName = "'Improve YouTube!' 🎧 (for YouTube & Videos)";
				INFOPLIST_KEY_NSMainStoryboardFile = Main;
				INFOPLIST_KEY_NSPrincipalClass = NSApplication;
				LD_RUNPATH_SEARCH_PATHS = (
					"$(inherited)",
					"@executable_path/../Frameworks",
				);
				MACOSX_DEPLOYMENT_TARGET = 10.14;
				MARKETING_VERSION = 1.0;
				OTHER_LDFLAGS = (
					"-framework",
					SafariServices,
					"-framework",
					WebKit,
				);
				PRODUCT_BUNDLE_IDENTIFIER = com.nativeit.ImproveYouTube;
				PRODUCT_NAME = "'Improve YouTube!' 🎧 (for YouTube & Videos)";
				SDKROOT = macosx;
				SWIFT_EMIT_LOC_STRINGS = YES;
				SWIFT_VERSION = 5.0;
			};
			name = Release;
		};
/* End XCBuildConfiguration section */

/* Begin XCConfigurationList section */
		DCDF73F12A049DC20010282C /* Build configuration list for PBXProject "'Improve YouTube!' 🎧 (for YouTube & Videos)" */ = {
			isa = XCConfigurationList;
			buildConfigurations = (
				DCDF743F2A049DC40010282C /* Debug */,
				DCDF74402A049DC40010282C /* Release */,
			);
			defaultConfigurationIsVisible = 0;
			defaultConfigurationName = Release;
		};
		DCDF74412A049DC40010282C /* Build configuration list for PBXNativeTarget "'Improve YouTube!' 🎧 (for YouTube & Videos) Extension (iOS)" */ = {
			isa = XCConfigurationList;
			buildConfigurations = (
				DCDF74422A049DC40010282C /* Debug */,
				DCDF74432A049DC40010282C /* Release */,
			);
			defaultConfigurationIsVisible = 0;
			defaultConfigurationName = Release;
		};
		DCDF74452A049DC40010282C /* Build configuration list for PBXNativeTarget "'Improve YouTube!' 🎧 (for YouTube & Videos) (iOS)" */ = {
			isa = XCConfigurationList;
			buildConfigurations = (
				DCDF74462A049DC40010282C /* Debug */,
				DCDF74472A049DC40010282C /* Release */,
			);
			defaultConfigurationIsVisible = 0;
			defaultConfigurationName = Release;
		};
		DCDF74482A049DC40010282C /* Build configuration list for PBXNativeTarget "'Improve YouTube!' 🎧 (for YouTube & Videos) Extension (macOS)" */ = {
			isa = XCConfigurationList;
			buildConfigurations = (
				DCDF74492A049DC40010282C /* Debug */,
				DCDF744A2A049DC40010282C /* Release */,
			);
			defaultConfigurationIsVisible = 0;
			defaultConfigurationName = Release;
		};
		DCDF744C2A049DC40010282C /* Build configuration list for PBXNativeTarget "'Improve YouTube!' 🎧 (for YouTube & Videos) (macOS)" */ = {
			isa = XCConfigurationList;
			buildConfigurations = (
				DCDF744D2A049DC40010282C /* Debug */,
				DCDF744E2A049DC40010282C /* Release */,
			);
			defaultConfigurationIsVisible = 0;
			defaultConfigurationName = Release;
		};
/* End XCConfigurationList section */
	};
	rootObject = DCDF73EE2A049DC20010282C /* Project object */;
}
